// !$*UTF8*$!
{
	archiveVersion = 1;
	classes = {
	};
	objectVersion = 55;
	objects = {

/* Begin PBXBuildFile section */
		69505A6A279FB82200EF69C8 /* Photo.swift in Sources */ = {isa = PBXBuildFile; fileRef = 69505A69279FB82200EF69C8 /* Photo.swift */; };
		69505A6C279FC32900EF69C8 /* DetailPhoto.swift in Sources */ = {isa = PBXBuildFile; fileRef = 69505A6B279FC32900EF69C8 /* DetailPhoto.swift */; };
		69505A7927A00C6400EF69C8 /* PhotoListView.swift in Sources */ = {isa = PBXBuildFile; fileRef = 69505A7827A00C6400EF69C8 /* PhotoListView.swift */; };
		695E6C4727A10C9A009AC73C /* PhotoStore.swift in Sources */ = {isa = PBXBuildFile; fileRef = 695E6C4627A10C9A009AC73C /* PhotoStore.swift */; };
		695E6C4C27A11C19009AC73C /* ListUser.swift in Sources */ = {isa = PBXBuildFile; fileRef = 695E6C4B27A11C19009AC73C /* ListUser.swift */; };
		695E6C4F27A11D18009AC73C /* ModelUser.swift in Sources */ = {isa = PBXBuildFile; fileRef = 695E6C4E27A11D18009AC73C /* ModelUser.swift */; };
		695E6C5327A12116009AC73C /* UserDetailPage.swift in Sources */ = {isa = PBXBuildFile; fileRef = 695E6C5227A12116009AC73C /* UserDetailPage.swift */; };
		695E6C5727A12B12009AC73C /* DetailViewModel.swift in Sources */ = {isa = PBXBuildFile; fileRef = 695E6C5627A12B12009AC73C /* DetailViewModel.swift */; };
		695E6C5B27A14228009AC73C /* DetailUserModel.swift in Sources */ = {isa = PBXBuildFile; fileRef = 695E6C5A27A14228009AC73C /* DetailUserModel.swift */; };
		695E6C5D27A1545D009AC73C /* UserAlbumModel.swift in Sources */ = {isa = PBXBuildFile; fileRef = 695E6C5C27A1545D009AC73C /* UserAlbumModel.swift */; };
		695E6C6027A1578A009AC73C /* PostCommendModel.swift in Sources */ = {isa = PBXBuildFile; fileRef = 695E6C5F27A1578A009AC73C /* PostCommendModel.swift */; };
		695E6C6327A15D12009AC73C /* ApiService.swift in Sources */ = {isa = PBXBuildFile; fileRef = 695E6C6227A15D12009AC73C /* ApiService.swift */; };
		695E6C6527A15DDA009AC73C /* AlbumPhotoModel.swift in Sources */ = {isa = PBXBuildFile; fileRef = 695E6C6427A15DDA009AC73C /* AlbumPhotoModel.swift */; };
		69C017DD279D01DE00CCD014 /* PhotoDetailPage.swift in Sources */ = {isa = PBXBuildFile; fileRef = 69C017DC279D01DE00CCD014 /* PhotoDetailPage.swift */; };
		69C017DF279D15C000CCD014 /* PhotoViewModel.swift in Sources */ = {isa = PBXBuildFile; fileRef = 69C017DE279D15C000CCD014 /* PhotoViewModel.swift */; };
		69C017E1279D3BEA00CCD014 /* CommendModel.swift in Sources */ = {isa = PBXBuildFile; fileRef = 69C017E0279D3BEA00CCD014 /* CommendModel.swift */; };
		69C017E3279D3C8A00CCD014 /* PhotosModel.swift in Sources */ = {isa = PBXBuildFile; fileRef = 69C017E2279D3C8A00CCD014 /* PhotosModel.swift */; };
		69C017E5279D550800CCD014 /* AlbumsModel.swift in Sources */ = {isa = PBXBuildFile; fileRef = 69C017E4279D550800CCD014 /* AlbumsModel.swift */; };
		69D0692F279BDD8800B3B8C5 /* Kumparan_Test_GoldianusApp.swift in Sources */ = {isa = PBXBuildFile; fileRef = 69D0692E279BDD8800B3B8C5 /* Kumparan_Test_GoldianusApp.swift */; };
		69D06933279BDD8900B3B8C5 /* Assets.xcassets in Resources */ = {isa = PBXBuildFile; fileRef = 69D06932279BDD8900B3B8C5 /* Assets.xcassets */; };
		69D06936279BDD8900B3B8C5 /* Preview Assets.xcassets in Resources */ = {isa = PBXBuildFile; fileRef = 69D06935279BDD8900B3B8C5 /* Preview Assets.xcassets */; };
		69D06959279BDED300B3B8C5 /* PostModal.swift in Sources */ = {isa = PBXBuildFile; fileRef = 69D06958279BDED300B3B8C5 /* PostModal.swift */; };
		69D06960279BED4600B3B8C5 /* DetailPostPage.swift in Sources */ = {isa = PBXBuildFile; fileRef = 69D0695F279BED4600B3B8C5 /* DetailPostPage.swift */; };
		69D06964279BEEA400B3B8C5 /* UserModel.swift in Sources */ = {isa = PBXBuildFile; fileRef = 69D06963279BEEA400B3B8C5 /* UserModel.swift */; };
		69D3F44227A08CB6003A1B94 /* ImageLoader.swift in Sources */ = {isa = PBXBuildFile; fileRef = 69D3F44127A08CB6003A1B94 /* ImageLoader.swift */; };
		69D3F44427A08E42003A1B94 /* URLImage.swift in Sources */ = {isa = PBXBuildFile; fileRef = 69D3F44327A08E42003A1B94 /* URLImage.swift */; };
		69D6C548279EB88C004526F5 /* PostView.swift in Sources */ = {isa = PBXBuildFile; fileRef = 69D6C547279EB88C004526F5 /* PostView.swift */; };
		69D6C54A279F217B004526F5 /* PhotoCell.swift in Sources */ = {isa = PBXBuildFile; fileRef = 69D6C549279F217B004526F5 /* PhotoCell.swift */; };
/* End PBXBuildFile section */

/* Begin PBXContainerItemProxy section */
		69D0693C279BDD8900B3B8C5 /* PBXContainerItemProxy */ = {
			isa = PBXContainerItemProxy;
			containerPortal = 69D06923279BDD8800B3B8C5 /* Project object */;
			proxyType = 1;
			remoteGlobalIDString = 69D0692A279BDD8800B3B8C5;
			remoteInfo = Kumparan_Test_Goldianus;
		};
		69D06946279BDD8900B3B8C5 /* PBXContainerItemProxy */ = {
			isa = PBXContainerItemProxy;
			containerPortal = 69D06923279BDD8800B3B8C5 /* Project object */;
			proxyType = 1;
			remoteGlobalIDString = 69D0692A279BDD8800B3B8C5;
			remoteInfo = Kumparan_Test_Goldianus;
		};
/* End PBXContainerItemProxy section */

/* Begin PBXFileReference section */
		69505A69279FB82200EF69C8 /* Photo.swift */ = {isa = PBXFileReference; lastKnownFileType = sourcecode.swift; path = Photo.swift; sourceTree = "<group>"; };
		69505A6B279FC32900EF69C8 /* DetailPhoto.swift */ = {isa = PBXFileReference; lastKnownFileType = sourcecode.swift; path = DetailPhoto.swift; sourceTree = "<group>"; };
		69505A7827A00C6400EF69C8 /* PhotoListView.swift */ = {isa = PBXFileReference; lastKnownFileType = sourcecode.swift; path = PhotoListView.swift; sourceTree = "<group>"; };
		695E6C4627A10C9A009AC73C /* PhotoStore.swift */ = {isa = PBXFileReference; lastKnownFileType = sourcecode.swift; path = PhotoStore.swift; sourceTree = "<group>"; };
		695E6C4B27A11C19009AC73C /* ListUser.swift */ = {isa = PBXFileReference; lastKnownFileType = sourcecode.swift; path = ListUser.swift; sourceTree = "<group>"; };
		695E6C4E27A11D18009AC73C /* ModelUser.swift */ = {isa = PBXFileReference; lastKnownFileType = sourcecode.swift; path = ModelUser.swift; sourceTree = "<group>"; };
		695E6C5227A12116009AC73C /* UserDetailPage.swift */ = {isa = PBXFileReference; lastKnownFileType = sourcecode.swift; path = UserDetailPage.swift; sourceTree = "<group>"; };
		695E6C5627A12B12009AC73C /* DetailViewModel.swift */ = {isa = PBXFileReference; lastKnownFileType = sourcecode.swift; path = DetailViewModel.swift; sourceTree = "<group>"; };
		695E6C5A27A14228009AC73C /* DetailUserModel.swift */ = {isa = PBXFileReference; lastKnownFileType = sourcecode.swift; path = DetailUserModel.swift; sourceTree = "<group>"; };
		695E6C5C27A1545D009AC73C /* UserAlbumModel.swift */ = {isa = PBXFileReference; lastKnownFileType = sourcecode.swift; path = UserAlbumModel.swift; sourceTree = "<group>"; };
		695E6C5F27A1578A009AC73C /* PostCommendModel.swift */ = {isa = PBXFileReference; lastKnownFileType = sourcecode.swift; path = PostCommendModel.swift; sourceTree = "<group>"; };
		695E6C6227A15D12009AC73C /* ApiService.swift */ = {isa = PBXFileReference; lastKnownFileType = sourcecode.swift; path = ApiService.swift; sourceTree = "<group>"; };
		695E6C6427A15DDA009AC73C /* AlbumPhotoModel.swift */ = {isa = PBXFileReference; lastKnownFileType = sourcecode.swift; path = AlbumPhotoModel.swift; sourceTree = "<group>"; };
		69C017DC279D01DE00CCD014 /* PhotoDetailPage.swift */ = {isa = PBXFileReference; lastKnownFileType = sourcecode.swift; path = PhotoDetailPage.swift; sourceTree = "<group>"; };
		69C017DE279D15C000CCD014 /* PhotoViewModel.swift */ = {isa = PBXFileReference; lastKnownFileType = sourcecode.swift; path = PhotoViewModel.swift; sourceTree = "<group>"; };
		69C017E0279D3BEA00CCD014 /* CommendModel.swift */ = {isa = PBXFileReference; lastKnownFileType = sourcecode.swift; path = CommendModel.swift; sourceTree = "<group>"; };
		69C017E2279D3C8A00CCD014 /* PhotosModel.swift */ = {isa = PBXFileReference; lastKnownFileType = sourcecode.swift; path = PhotosModel.swift; sourceTree = "<group>"; };
		69C017E4279D550800CCD014 /* AlbumsModel.swift */ = {isa = PBXFileReference; lastKnownFileType = sourcecode.swift; path = AlbumsModel.swift; sourceTree = "<group>"; };
		69D0692B279BDD8800B3B8C5 /* Kumparan_Test_Goldianus.app */ = {isa = PBXFileReference; explicitFileType = wrapper.application; includeInIndex = 0; path = Kumparan_Test_Goldianus.app; sourceTree = BUILT_PRODUCTS_DIR; };
		69D0692E279BDD8800B3B8C5 /* Kumparan_Test_GoldianusApp.swift */ = {isa = PBXFileReference; lastKnownFileType = sourcecode.swift; path = Kumparan_Test_GoldianusApp.swift; sourceTree = "<group>"; };
		69D06932279BDD8900B3B8C5 /* Assets.xcassets */ = {isa = PBXFileReference; lastKnownFileType = folder.assetcatalog; path = Assets.xcassets; sourceTree = "<group>"; };
		69D06935279BDD8900B3B8C5 /* Preview Assets.xcassets */ = {isa = PBXFileReference; lastKnownFileType = folder.assetcatalog; path = "Preview Assets.xcassets"; sourceTree = "<group>"; };
		69D0693B279BDD8900B3B8C5 /* Kumparan_Test_GoldianusTests.xctest */ = {isa = PBXFileReference; explicitFileType = wrapper.cfbundle; includeInIndex = 0; path = Kumparan_Test_GoldianusTests.xctest; sourceTree = BUILT_PRODUCTS_DIR; };
		69D06945279BDD8900B3B8C5 /* Kumparan_Test_GoldianusUITests.xctest */ = {isa = PBXFileReference; explicitFileType = wrapper.cfbundle; includeInIndex = 0; path = Kumparan_Test_GoldianusUITests.xctest; sourceTree = BUILT_PRODUCTS_DIR; };
		69D06958279BDED300B3B8C5 /* PostModal.swift */ = {isa = PBXFileReference; lastKnownFileType = sourcecode.swift; path = PostModal.swift; sourceTree = "<group>"; };
		69D0695F279BED4600B3B8C5 /* DetailPostPage.swift */ = {isa = PBXFileReference; lastKnownFileType = sourcecode.swift; path = DetailPostPage.swift; sourceTree = "<group>"; };
		69D06963279BEEA400B3B8C5 /* UserModel.swift */ = {isa = PBXFileReference; lastKnownFileType = sourcecode.swift; path = UserModel.swift; sourceTree = "<group>"; };
		69D3F44127A08CB6003A1B94 /* ImageLoader.swift */ = {isa = PBXFileReference; lastKnownFileType = sourcecode.swift; path = ImageLoader.swift; sourceTree = "<group>"; };
		69D3F44327A08E42003A1B94 /* URLImage.swift */ = {isa = PBXFileReference; lastKnownFileType = sourcecode.swift; path = URLImage.swift; sourceTree = "<group>"; };
		69D6C547279EB88C004526F5 /* PostView.swift */ = {isa = PBXFileReference; lastKnownFileType = sourcecode.swift; path = PostView.swift; sourceTree = "<group>"; };
		69D6C549279F217B004526F5 /* PhotoCell.swift */ = {isa = PBXFileReference; lastKnownFileType = sourcecode.swift; path = PhotoCell.swift; sourceTree = "<group>"; };
/* End PBXFileReference section */

/* Begin PBXFrameworksBuildPhase section */
		69D06928279BDD8800B3B8C5 /* Frameworks */ = {
			isa = PBXFrameworksBuildPhase;
			buildActionMask = 2147483647;
			files = (
			);
			runOnlyForDeploymentPostprocessing = 0;
		};
		69D06938279BDD8900B3B8C5 /* Frameworks */ = {
			isa = PBXFrameworksBuildPhase;
			buildActionMask = 2147483647;
			files = (
			);
			runOnlyForDeploymentPostprocessing = 0;
		};
		69D06942279BDD8900B3B8C5 /* Frameworks */ = {
			isa = PBXFrameworksBuildPhase;
			buildActionMask = 2147483647;
			files = (
			);
			runOnlyForDeploymentPostprocessing = 0;
		};
/* End PBXFrameworksBuildPhase section */

/* Begin PBXGroup section */
		69505A68279FA7B700EF69C8 /* Coba */ = {
			isa = PBXGroup;
			children = (
				69D6C549279F217B004526F5 /* PhotoCell.swift */,
				69505A6B279FC32900EF69C8 /* DetailPhoto.swift */,
				69505A69279FB82200EF69C8 /* Photo.swift */,
			);
			path = Coba;
			sourceTree = "<group>";
		};
		695E6C4527A10C87009AC73C /* New Group */ = {
			isa = PBXGroup;
			children = (
				695E6C4627A10C9A009AC73C /* PhotoStore.swift */,
			);
			path = "New Group";
			sourceTree = "<group>";
		};
		695E6C4827A117D0009AC73C /* API  */ = {
			isa = PBXGroup;
			children = (
			);
			path = "API ";
			sourceTree = "<group>";
		};
		695E6C4D27A11CE5009AC73C /* User coba */ = {
			isa = PBXGroup;
			children = (
				695E6C4B27A11C19009AC73C /* ListUser.swift */,
				695E6C4E27A11D18009AC73C /* ModelUser.swift */,
			);
			path = "User coba";
			sourceTree = "<group>";
		};
		695E6C5E27A15712009AC73C /* Filter */ = {
			isa = PBXGroup;
			children = (
				695E6C5C27A1545D009AC73C /* UserAlbumModel.swift */,
				695E6C5F27A1578A009AC73C /* PostCommendModel.swift */,
				695E6C6427A15DDA009AC73C /* AlbumPhotoModel.swift */,
			);
			path = Filter;
			sourceTree = "<group>";
		};
		695E6C6127A157B0009AC73C /* API Filter */ = {
			isa = PBXGroup;
			children = (
				695E6C6227A15D12009AC73C /* ApiService.swift */,
			);
			path = "API Filter";
			sourceTree = "<group>";
		};
		69D06922279BDD8800B3B8C5 = {
			isa = PBXGroup;
			children = (
				69D0692D279BDD8800B3B8C5 /* Kumparan_Test_Goldianus */,
				69D0692C279BDD8800B3B8C5 /* Products */,
			);
			sourceTree = "<group>";
		};
		69D0692C279BDD8800B3B8C5 /* Products */ = {
			isa = PBXGroup;
			children = (
				69D0692B279BDD8800B3B8C5 /* Kumparan_Test_Goldianus.app */,
				69D0693B279BDD8900B3B8C5 /* Kumparan_Test_GoldianusTests.xctest */,
				69D06945279BDD8900B3B8C5 /* Kumparan_Test_GoldianusUITests.xctest */,
			);
			name = Products;
			sourceTree = "<group>";
		};
		69D0692D279BDD8800B3B8C5 /* Kumparan_Test_Goldianus */ = {
			isa = PBXGroup;
			children = (
				69D0692E279BDD8800B3B8C5 /* Kumparan_Test_GoldianusApp.swift */,
				695E6C4D27A11CE5009AC73C /* User coba */,
				69505A68279FA7B700EF69C8 /* Coba */,
				69D0695E279BEACB00B3B8C5 /* View */,
				69D0695D279BEAB600B3B8C5 /* ViewModel */,
				69D0695C279BEA9F00B3B8C5 /* Model */,
				69D06932279BDD8900B3B8C5 /* Assets.xcassets */,
				69D06934279BDD8900B3B8C5 /* Preview Content */,
			);
			path = Kumparan_Test_Goldianus;
			sourceTree = "<group>";
		};
		69D06934279BDD8900B3B8C5 /* Preview Content */ = {
			isa = PBXGroup;
			children = (
				69D06935279BDD8900B3B8C5 /* Preview Assets.xcassets */,
			);
			path = "Preview Content";
			sourceTree = "<group>";
		};
		69D0695C279BEA9F00B3B8C5 /* Model */ = {
			isa = PBXGroup;
			children = (
				695E6C5E27A15712009AC73C /* Filter */,
				69D06958279BDED300B3B8C5 /* PostModal.swift */,
				69D06963279BEEA400B3B8C5 /* UserModel.swift */,
				69C017E0279D3BEA00CCD014 /* CommendModel.swift */,
				69C017E4279D550800CCD014 /* AlbumsModel.swift */,
				69C017E2279D3C8A00CCD014 /* PhotosModel.swift */,
			);
			path = Model;
			sourceTree = "<group>";
		};
		69D0695D279BEAB600B3B8C5 /* ViewModel */ = {
			isa = PBXGroup;
			children = (
				695E6C6127A157B0009AC73C /* API Filter */,
				695E6C4827A117D0009AC73C /* API  */,
				69C017DE279D15C000CCD014 /* PhotoViewModel.swift */,
				69D3F44127A08CB6003A1B94 /* ImageLoader.swift */,
			);
			path = ViewModel;
			sourceTree = "<group>";
		};
		69D0695E279BEACB00B3B8C5 /* View */ = {
			isa = PBXGroup;
			children = (
				695E6C4527A10C87009AC73C /* New Group */,
				69D6C547279EB88C004526F5 /* PostView.swift */,
				69D0695F279BED4600B3B8C5 /* DetailPostPage.swift */,
				695E6C5627A12B12009AC73C /* DetailViewModel.swift */,
				695E6C5227A12116009AC73C /* UserDetailPage.swift */,
				695E6C5A27A14228009AC73C /* DetailUserModel.swift */,
				69C017DC279D01DE00CCD014 /* PhotoDetailPage.swift */,
				69505A7827A00C6400EF69C8 /* PhotoListView.swift */,
				69D3F44327A08E42003A1B94 /* URLImage.swift */,
			);
			path = View;
			sourceTree = "<group>";
		};
/* End PBXGroup section */

/* Begin PBXNativeTarget section */
		69D0692A279BDD8800B3B8C5 /* Kumparan_Test_Goldianus */ = {
			isa = PBXNativeTarget;
			buildConfigurationList = 69D0694F279BDD8900B3B8C5 /* Build configuration list for PBXNativeTarget "Kumparan_Test_Goldianus" */;
			buildPhases = (
				69D06927279BDD8800B3B8C5 /* Sources */,
				69D06928279BDD8800B3B8C5 /* Frameworks */,
				69D06929279BDD8800B3B8C5 /* Resources */,
			);
			buildRules = (
			);
			dependencies = (
			);
			name = Kumparan_Test_Goldianus;
			productName = Kumparan_Test_Goldianus;
			productReference = 69D0692B279BDD8800B3B8C5 /* Kumparan_Test_Goldianus.app */;
			productType = "com.apple.product-type.application";
		};
		69D0693A279BDD8900B3B8C5 /* Kumparan_Test_GoldianusTests */ = {
			isa = PBXNativeTarget;
			buildConfigurationList = 69D06952279BDD8900B3B8C5 /* Build configuration list for PBXNativeTarget "Kumparan_Test_GoldianusTests" */;
			buildPhases = (
				69D06937279BDD8900B3B8C5 /* Sources */,
				69D06938279BDD8900B3B8C5 /* Frameworks */,
				69D06939279BDD8900B3B8C5 /* Resources */,
			);
			buildRules = (
			);
			dependencies = (
				69D0693D279BDD8900B3B8C5 /* PBXTargetDependency */,
			);
			name = Kumparan_Test_GoldianusTests;
			productName = Kumparan_Test_GoldianusTests;
			productReference = 69D0693B279BDD8900B3B8C5 /* Kumparan_Test_GoldianusTests.xctest */;
			productType = "com.apple.product-type.bundle.unit-test";
		};
		69D06944279BDD8900B3B8C5 /* Kumparan_Test_GoldianusUITests */ = {
			isa = PBXNativeTarget;
			buildConfigurationList = 69D06955279BDD8900B3B8C5 /* Build configuration list for PBXNativeTarget "Kumparan_Test_GoldianusUITests" */;
			buildPhases = (
				69D06941279BDD8900B3B8C5 /* Sources */,
				69D06942279BDD8900B3B8C5 /* Frameworks */,
				69D06943279BDD8900B3B8C5 /* Resources */,
			);
			buildRules = (
			);
			dependencies = (
				69D06947279BDD8900B3B8C5 /* PBXTargetDependency */,
			);
			name = Kumparan_Test_GoldianusUITests;
			productName = Kumparan_Test_GoldianusUITests;
			productReference = 69D06945279BDD8900B3B8C5 /* Kumparan_Test_GoldianusUITests.xctest */;
			productType = "com.apple.product-type.bundle.ui-testing";
		};
/* End PBXNativeTarget section */

/* Begin PBXProject section */
		69D06923279BDD8800B3B8C5 /* Project object */ = {
			isa = PBXProject;
			attributes = {
				BuildIndependentTargetsInParallel = 1;
				LastSwiftUpdateCheck = 1320;
				LastUpgradeCheck = 1320;
				TargetAttributes = {
					69D0692A279BDD8800B3B8C5 = {
						CreatedOnToolsVersion = 13.2.1;
					};
					69D0693A279BDD8900B3B8C5 = {
						CreatedOnToolsVersion = 13.2.1;
						TestTargetID = 69D0692A279BDD8800B3B8C5;
					};
					69D06944279BDD8900B3B8C5 = {
						CreatedOnToolsVersion = 13.2.1;
						TestTargetID = 69D0692A279BDD8800B3B8C5;
					};
				};
			};
			buildConfigurationList = 69D06926279BDD8800B3B8C5 /* Build configuration list for PBXProject "Kumparan_Test_Goldianus" */;
			compatibilityVersion = "Xcode 13.0";
			developmentRegion = en;
			hasScannedForEncodings = 0;
			knownRegions = (
				en,
				Base,
			);
			mainGroup = 69D06922279BDD8800B3B8C5;
			productRefGroup = 69D0692C279BDD8800B3B8C5 /* Products */;
			projectDirPath = "";
			projectRoot = "";
			targets = (
				69D0692A279BDD8800B3B8C5 /* Kumparan_Test_Goldianus */,
				69D0693A279BDD8900B3B8C5 /* Kumparan_Test_GoldianusTests */,
				69D06944279BDD8900B3B8C5 /* Kumparan_Test_GoldianusUITests */,
			);
		};
/* End PBXProject section */

/* Begin PBXResourcesBuildPhase section */
		69D06929279BDD8800B3B8C5 /* Resources */ = {
			isa = PBXResourcesBuildPhase;
			buildActionMask = 2147483647;
			files = (
				69D06936279BDD8900B3B8C5 /* Preview Assets.xcassets in Resources */,
				69D06933279BDD8900B3B8C5 /* Assets.xcassets in Resources */,
			);
			runOnlyForDeploymentPostprocessing = 0;
		};
		69D06939279BDD8900B3B8C5 /* Resources */ = {
			isa = PBXResourcesBuildPhase;
			buildActionMask = 2147483647;
			files = (
			);
			runOnlyForDeploymentPostprocessing = 0;
		};
		69D06943279BDD8900B3B8C5 /* Resources */ = {
			isa = PBXResourcesBuildPhase;
			buildActionMask = 2147483647;
			files = (
			);
			runOnlyForDeploymentPostprocessing = 0;
		};
/* End PBXResourcesBuildPhase section */

/* Begin PBXSourcesBuildPhase section */
		69D06927279BDD8800B3B8C5 /* Sources */ = {
			isa = PBXSourcesBuildPhase;
			buildActionMask = 2147483647;
			files = (
				69505A6A279FB82200EF69C8 /* Photo.swift in Sources */,
				69D6C54A279F217B004526F5 /* PhotoCell.swift in Sources */,
				69D3F44427A08E42003A1B94 /* URLImage.swift in Sources */,
				695E6C4F27A11D18009AC73C /* ModelUser.swift in Sources */,
				69C017E5279D550800CCD014 /* AlbumsModel.swift in Sources */,
				695E6C5D27A1545D009AC73C /* UserAlbumModel.swift in Sources */,
				69505A6C279FC32900EF69C8 /* DetailPhoto.swift in Sources */,
				695E6C6527A15DDA009AC73C /* AlbumPhotoModel.swift in Sources */,
				695E6C5727A12B12009AC73C /* DetailViewModel.swift in Sources */,
				69C017E3279D3C8A00CCD014 /* PhotosModel.swift in Sources */,
				695E6C6027A1578A009AC73C /* PostCommendModel.swift in Sources */,
				695E6C4727A10C9A009AC73C /* PhotoStore.swift in Sources */,
				69C017E1279D3BEA00CCD014 /* CommendModel.swift in Sources */,
				69D3F44227A08CB6003A1B94 /* ImageLoader.swift in Sources */,
				695E6C5B27A14228009AC73C /* DetailUserModel.swift in Sources */,
				69D06964279BEEA400B3B8C5 /* UserModel.swift in Sources */,
				69D06959279BDED300B3B8C5 /* PostModal.swift in Sources */,
				69C017DD279D01DE00CCD014 /* PhotoDetailPage.swift in Sources */,
				695E6C4C27A11C19009AC73C /* ListUser.swift in Sources */,
				695E6C5327A12116009AC73C /* UserDetailPage.swift in Sources */,
				69505A7927A00C6400EF69C8 /* PhotoListView.swift in Sources */,
				69D06960279BED4600B3B8C5 /* DetailPostPage.swift in Sources */,
				69D0692F279BDD8800B3B8C5 /* Kumparan_Test_GoldianusApp.swift in Sources */,
				69D6C548279EB88C004526F5 /* PostView.swift in Sources */,
				695E6C6327A15D12009AC73C /* ApiService.swift in Sources */,
				69C017DF279D15C000CCD014 /* PhotoViewModel.swift in Sources */,
			);
			runOnlyForDeploymentPostprocessing = 0;
		};
		69D06937279BDD8900B3B8C5 /* Sources */ = {
			isa = PBXSourcesBuildPhase;
			buildActionMask = 2147483647;
			files = (
			);
			runOnlyForDeploymentPostprocessing = 0;
		};
		69D06941279BDD8900B3B8C5 /* Sources */ = {
			isa = PBXSourcesBuildPhase;
			buildActionMask = 2147483647;
			files = (
			);
			runOnlyForDeploymentPostprocessing = 0;
		};
/* End PBXSourcesBuildPhase section */

/* Begin PBXTargetDependency section */
		69D0693D279BDD8900B3B8C5 /* PBXTargetDependency */ = {
			isa = PBXTargetDependency;
			target = 69D0692A279BDD8800B3B8C5 /* Kumparan_Test_Goldianus */;
			targetProxy = 69D0693C279BDD8900B3B8C5 /* PBXContainerItemProxy */;
		};
		69D06947279BDD8900B3B8C5 /* PBXTargetDependency */ = {
			isa = PBXTargetDependency;
			target = 69D0692A279BDD8800B3B8C5 /* Kumparan_Test_Goldianus */;
			targetProxy = 69D06946279BDD8900B3B8C5 /* PBXContainerItemProxy */;
		};
/* End PBXTargetDependency section */

/* Begin XCBuildConfiguration section */
		69D0694D279BDD8900B3B8C5 /* Debug */ = {
			isa = XCBuildConfiguration;
			buildSettings = {
				ALWAYS_SEARCH_USER_PATHS = NO;
				CLANG_ANALYZER_NONNULL = YES;
				CLANG_ANALYZER_NUMBER_OBJECT_CONVERSION = YES_AGGRESSIVE;
				CLANG_CXX_LANGUAGE_STANDARD = "gnu++17";
				CLANG_CXX_LIBRARY = "libc++";
				CLANG_ENABLE_MODULES = YES;
				CLANG_ENABLE_OBJC_ARC = YES;
				CLANG_ENABLE_OBJC_WEAK = YES;
				CLANG_WARN_BLOCK_CAPTURE_AUTORELEASING = YES;
				CLANG_WARN_BOOL_CONVERSION = YES;
				CLANG_WARN_COMMA = YES;
				CLANG_WARN_CONSTANT_CONVERSION = YES;
				CLANG_WARN_DEPRECATED_OBJC_IMPLEMENTATIONS = YES;
				CLANG_WARN_DIRECT_OBJC_ISA_USAGE = YES_ERROR;
				CLANG_WARN_DOCUMENTATION_COMMENTS = YES;
				CLANG_WARN_EMPTY_BODY = YES;
				CLANG_WARN_ENUM_CONVERSION = YES;
				CLANG_WARN_INFINITE_RECURSION = YES;
				CLANG_WARN_INT_CONVERSION = YES;
				CLANG_WARN_NON_LITERAL_NULL_CONVERSION = YES;
				CLANG_WARN_OBJC_IMPLICIT_RETAIN_SELF = YES;
				CLANG_WARN_OBJC_LITERAL_CONVERSION = YES;
				CLANG_WARN_OBJC_ROOT_CLASS = YES_ERROR;
				CLANG_WARN_QUOTED_INCLUDE_IN_FRAMEWORK_HEADER = YES;
				CLANG_WARN_RANGE_LOOP_ANALYSIS = YES;
				CLANG_WARN_STRICT_PROTOTYPES = YES;
				CLANG_WARN_SUSPICIOUS_MOVE = YES;
				CLANG_WARN_UNGUARDED_AVAILABILITY = YES_AGGRESSIVE;
				CLANG_WARN_UNREACHABLE_CODE = YES;
				CLANG_WARN__DUPLICATE_METHOD_MATCH = YES;
				COPY_PHASE_STRIP = NO;
				DEBUG_INFORMATION_FORMAT = dwarf;
				ENABLE_STRICT_OBJC_MSGSEND = YES;
				ENABLE_TESTABILITY = YES;
				GCC_C_LANGUAGE_STANDARD = gnu11;
				GCC_DYNAMIC_NO_PIC = NO;
				GCC_NO_COMMON_BLOCKS = YES;
				GCC_OPTIMIZATION_LEVEL = 0;
				GCC_PREPROCESSOR_DEFINITIONS = (
					"DEBUG=1",
					"$(inherited)",
				);
				GCC_WARN_64_TO_32_BIT_CONVERSION = YES;
				GCC_WARN_ABOUT_RETURN_TYPE = YES_ERROR;
				GCC_WARN_UNDECLARED_SELECTOR = YES;
				GCC_WARN_UNINITIALIZED_AUTOS = YES_AGGRESSIVE;
				GCC_WARN_UNUSED_FUNCTION = YES;
				GCC_WARN_UNUSED_VARIABLE = YES;
				IPHONEOS_DEPLOYMENT_TARGET = 15.2;
				MTL_ENABLE_DEBUG_INFO = INCLUDE_SOURCE;
				MTL_FAST_MATH = YES;
				ONLY_ACTIVE_ARCH = YES;
				SDKROOT = iphoneos;
				SWIFT_ACTIVE_COMPILATION_CONDITIONS = DEBUG;
				SWIFT_OPTIMIZATION_LEVEL = "-Onone";
			};
			name = Debug;
		};
		69D0694E279BDD8900B3B8C5 /* Release */ = {
			isa = XCBuildConfiguration;
			buildSettings = {
				ALWAYS_SEARCH_USER_PATHS = NO;
				CLANG_ANALYZER_NONNULL = YES;
				CLANG_ANALYZER_NUMBER_OBJECT_CONVERSION = YES_AGGRESSIVE;
				CLANG_CXX_LANGUAGE_STANDARD = "gnu++17";
				CLANG_CXX_LIBRARY = "libc++";
				CLANG_ENABLE_MODULES = YES;
				CLANG_ENABLE_OBJC_ARC = YES;
				CLANG_ENABLE_OBJC_WEAK = YES;
				CLANG_WARN_BLOCK_CAPTURE_AUTORELEASING = YES;
				CLANG_WARN_BOOL_CONVERSION = YES;
				CLANG_WARN_COMMA = YES;
				CLANG_WARN_CONSTANT_CONVERSION = YES;
				CLANG_WARN_DEPRECATED_OBJC_IMPLEMENTATIONS = YES;
				CLANG_WARN_DIRECT_OBJC_ISA_USAGE = YES_ERROR;
				CLANG_WARN_DOCUMENTATION_COMMENTS = YES;
				CLANG_WARN_EMPTY_BODY = YES;
				CLANG_WARN_ENUM_CONVERSION = YES;
				CLANG_WARN_INFINITE_RECURSION = YES;
				CLANG_WARN_INT_CONVERSION = YES;
				CLANG_WARN_NON_LITERAL_NULL_CONVERSION = YES;
				CLANG_WARN_OBJC_IMPLICIT_RETAIN_SELF = YES;
				CLANG_WARN_OBJC_LITERAL_CONVERSION = YES;
				CLANG_WARN_OBJC_ROOT_CLASS = YES_ERROR;
				CLANG_WARN_QUOTED_INCLUDE_IN_FRAMEWORK_HEADER = YES;
				CLANG_WARN_RANGE_LOOP_ANALYSIS = YES;
				CLANG_WARN_STRICT_PROTOTYPES = YES;
				CLANG_WARN_SUSPICIOUS_MOVE = YES;
				CLANG_WARN_UNGUARDED_AVAILABILITY = YES_AGGRESSIVE;
				CLANG_WARN_UNREACHABLE_CODE = YES;
				CLANG_WARN__DUPLICATE_METHOD_MATCH = YES;
				COPY_PHASE_STRIP = NO;
				DEBUG_INFORMATION_FORMAT = "dwarf-with-dsym";
				ENABLE_NS_ASSERTIONS = NO;
				ENABLE_STRICT_OBJC_MSGSEND = YES;
				GCC_C_LANGUAGE_STANDARD = gnu11;
				GCC_NO_COMMON_BLOCKS = YES;
				GCC_WARN_64_TO_32_BIT_CONVERSION = YES;
				GCC_WARN_ABOUT_RETURN_TYPE = YES_ERROR;
				GCC_WARN_UNDECLARED_SELECTOR = YES;
				GCC_WARN_UNINITIALIZED_AUTOS = YES_AGGRESSIVE;
				GCC_WARN_UNUSED_FUNCTION = YES;
				GCC_WARN_UNUSED_VARIABLE = YES;
				IPHONEOS_DEPLOYMENT_TARGET = 15.2;
				MTL_ENABLE_DEBUG_INFO = NO;
				MTL_FAST_MATH = YES;
				SDKROOT = iphoneos;
				SWIFT_COMPILATION_MODE = wholemodule;
				SWIFT_OPTIMIZATION_LEVEL = "-O";
				VALIDATE_PRODUCT = YES;
			};
			name = Release;
		};
		69D06950279BDD8900B3B8C5 /* Debug */ = {
			isa = XCBuildConfiguration;
			buildSettings = {
				ASSETCATALOG_COMPILER_APPICON_NAME = AppIcon;
				ASSETCATALOG_COMPILER_GLOBAL_ACCENT_COLOR_NAME = AccentColor;
				CODE_SIGN_STYLE = Automatic;
				CURRENT_PROJECT_VERSION = 1;
				DEVELOPMENT_ASSET_PATHS = "\"Kumparan_Test_Goldianus/Preview Content\"";
				ENABLE_PREVIEWS = YES;
				GENERATE_INFOPLIST_FILE = YES;
				INFOPLIST_KEY_UIApplicationSceneManifest_Generation = YES;
				INFOPLIST_KEY_UIApplicationSupportsIndirectInputEvents = YES;
				INFOPLIST_KEY_UILaunchScreen_Generation = YES;
				INFOPLIST_KEY_UISupportedInterfaceOrientations_iPad = "UIInterfaceOrientationPortrait UIInterfaceOrientationPortraitUpsideDown UIInterfaceOrientationLandscapeLeft UIInterfaceOrientationLandscapeRight";
				INFOPLIST_KEY_UISupportedInterfaceOrientations_iPhone = "UIInterfaceOrientationPortrait UIInterfaceOrientationLandscapeLeft UIInterfaceOrientationLandscapeRight";
				LD_RUNPATH_SEARCH_PATHS = (
					"$(inherited)",
					"@executable_path/Frameworks",
				);
				MARKETING_VERSION = 1.0;
				PRODUCT_BUNDLE_IDENTIFIER = "com.Goldy.Kumparan-Test-Goldianus";
				PRODUCT_NAME = "$(TARGET_NAME)";
				SWIFT_EMIT_LOC_STRINGS = YES;
				SWIFT_VERSION = 5.0;
				TARGETED_DEVICE_FAMILY = "1,2";
			};
			name = Debug;
		};
		69D06951279BDD8900B3B8C5 /* Release */ = {
			isa = XCBuildConfiguration;
			buildSettings = {
				ASSETCATALOG_COMPILER_APPICON_NAME = AppIcon;
				ASSETCATALOG_COMPILER_GLOBAL_ACCENT_COLOR_NAME = AccentColor;
				CODE_SIGN_STYLE = Automatic;
				CURRENT_PROJECT_VERSION = 1;
				DEVELOPMENT_ASSET_PATHS = "\"Kumparan_Test_Goldianus/Preview Content\"";
				ENABLE_PREVIEWS = YES;
				GENERATE_INFOPLIST_FILE = YES;
				INFOPLIST_KEY_UIApplicationSceneManifest_Generation = YES;
				INFOPLIST_KEY_UIApplicationSupportsIndirectInputEvents = YES;
				INFOPLIST_KEY_UILaunchScreen_Generation = YES;
				INFOPLIST_KEY_UISupportedInterfaceOrientations_iPad = "UIInterfaceOrientationPortrait UIInterfaceOrientationPortraitUpsideDown UIInterfaceOrientationLandscapeLeft UIInterfaceOrientationLandscapeRight";
				INFOPLIST_KEY_UISupportedInterfaceOrientations_iPhone = "UIInterfaceOrientationPortrait UIInterfaceOrientationLandscapeLeft UIInterfaceOrientationLandscapeRight";
				LD_RUNPATH_SEARCH_PATHS = (
					"$(inherited)",
					"@executable_path/Frameworks",
				);
				MARKETING_VERSION = 1.0;
				PRODUCT_BUNDLE_IDENTIFIER = "com.Goldy.Kumparan-Test-Goldianus";
				PRODUCT_NAME = "$(TARGET_NAME)";
				SWIFT_EMIT_LOC_STRINGS = YES;
				SWIFT_VERSION = 5.0;
				TARGETED_DEVICE_FAMILY = "1,2";
			};
			name = Release;
		};
		69D06953279BDD8900B3B8C5 /* Debug */ = {
			isa = XCBuildConfiguration;
			buildSettings = {
				ALWAYS_EMBED_SWIFT_STANDARD_LIBRARIES = YES;
				BUNDLE_LOADER = "$(TEST_HOST)";
				CODE_SIGN_STYLE = Automatic;
				CURRENT_PROJECT_VERSION = 1;
				GENERATE_INFOPLIST_FILE = YES;
				IPHONEOS_DEPLOYMENT_TARGET = 15.2;
				MARKETING_VERSION = 1.0;
				PRODUCT_BUNDLE_IDENTIFIER = "com.Goldy.Kumparan-Test-GoldianusTests";
				PRODUCT_NAME = "$(TARGET_NAME)";
				SWIFT_EMIT_LOC_STRINGS = NO;
				SWIFT_VERSION = 5.0;
				TARGETED_DEVICE_FAMILY = "1,2";
				TEST_HOST = "$(BUILT_PRODUCTS_DIR)/Kumparan_Test_Goldianus.app/Kumparan_Test_Goldianus";
			};
			name = Debug;
		};
		69D06954279BDD8900B3B8C5 /* Release */ = {
			isa = XCBuildConfiguration;
			buildSettings = {
				ALWAYS_EMBED_SWIFT_STANDARD_LIBRARIES = YES;
				BUNDLE_LOADER = "$(TEST_HOST)";
				CODE_SIGN_STYLE = Automatic;
				CURRENT_PROJECT_VERSION = 1;
				GENERATE_INFOPLIST_FILE = YES;
				IPHONEOS_DEPLOYMENT_TARGET = 15.2;
				MARKETING_VERSION = 1.0;
				PRODUCT_BUNDLE_IDENTIFIER = "com.Goldy.Kumparan-Test-GoldianusTests";
				PRODUCT_NAME = "$(TARGET_NAME)";
				SWIFT_EMIT_LOC_STRINGS = NO;
				SWIFT_VERSION = 5.0;
				TARGETED_DEVICE_FAMILY = "1,2";
				TEST_HOST = "$(BUILT_PRODUCTS_DIR)/Kumparan_Test_Goldianus.app/Kumparan_Test_Goldianus";
			};
			name = Release;
		};
		69D06956279BDD8900B3B8C5 /* Debug */ = {
			isa = XCBuildConfiguration;
			buildSettings = {
				ALWAYS_EMBED_SWIFT_STANDARD_LIBRARIES = YES;
				CODE_SIGN_STYLE = Automatic;
				CURRENT_PROJECT_VERSION = 1;
				GENERATE_INFOPLIST_FILE = YES;
				MARKETING_VERSION = 1.0;
				PRODUCT_BUNDLE_IDENTIFIER = "com.Goldy.Kumparan-Test-GoldianusUITests";
				PRODUCT_NAME = "$(TARGET_NAME)";
				SWIFT_EMIT_LOC_STRINGS = NO;
				SWIFT_VERSION = 5.0;
				TARGETED_DEVICE_FAMILY = "1,2";
				TEST_TARGET_NAME = Kumparan_Test_Goldianus;
			};
			name = Debug;
		};
		69D06957279BDD8900B3B8C5 /* Release */ = {
			isa = XCBuildConfiguration;
			buildSettings = {
				ALWAYS_EMBED_SWIFT_STANDARD_LIBRARIES = YES;
				CODE_SIGN_STYLE = Automatic;
				CURRENT_PROJECT_VERSION = 1;
				GENERATE_INFOPLIST_FILE = YES;
				MARKETING_VERSION = 1.0;
				PRODUCT_BUNDLE_IDENTIFIER = "com.Goldy.Kumparan-Test-GoldianusUITests";
				PRODUCT_NAME = "$(TARGET_NAME)";
				SWIFT_EMIT_LOC_STRINGS = NO;
				SWIFT_VERSION = 5.0;
				TARGETED_DEVICE_FAMILY = "1,2";
				TEST_TARGET_NAME = Kumparan_Test_Goldianus;
			};
			name = Release;
		};
/* End XCBuildConfiguration section */

/* Begin XCConfigurationList section */
		69D06926279BDD8800B3B8C5 /* Build configuration list for PBXProject "Kumparan_Test_Goldianus" */ = {
			isa = XCConfigurationList;
			buildConfigurations = (
				69D0694D279BDD8900B3B8C5 /* Debug */,
				69D0694E279BDD8900B3B8C5 /* Release */,
			);
			defaultConfigurationIsVisible = 0;
			defaultConfigurationName = Release;
		};
		69D0694F279BDD8900B3B8C5 /* Build configuration list for PBXNativeTarget "Kumparan_Test_Goldianus" */ = {
			isa = XCConfigurationList;
			buildConfigurations = (
				69D06950279BDD8900B3B8C5 /* Debug */,
				69D06951279BDD8900B3B8C5 /* Release */,
			);
			defaultConfigurationIsVisible = 0;
			defaultConfigurationName = Release;
		};
		69D06952279BDD8900B3B8C5 /* Build configuration list for PBXNativeTarget "Kumparan_Test_GoldianusTests" */ = {
			isa = XCConfigurationList;
			buildConfigurations = (
				69D06953279BDD8900B3B8C5 /* Debug */,
				69D06954279BDD8900B3B8C5 /* Release */,
			);
			defaultConfigurationIsVisible = 0;
			defaultConfigurationName = Release;
		};
		69D06955279BDD8900B3B8C5 /* Build configuration list for PBXNativeTarget "Kumparan_Test_GoldianusUITests" */ = {
			isa = XCConfigurationList;
			buildConfigurations = (
				69D06956279BDD8900B3B8C5 /* Debug */,
				69D06957279BDD8900B3B8C5 /* Release */,
			);
			defaultConfigurationIsVisible = 0;
			defaultConfigurationName = Release;
		};
/* End XCConfigurationList section */
	};
	rootObject = 69D06923279BDD8800B3B8C5 /* Project object */;
}
